
Microsoft Visual Studio Solution File, Format Version 12.00
# Visual Studio Version 16
VisualStudioVersion = 16.0.30406.217
MinimumVisualStudioVersion = 10.0.40219.1
Project("{FAE04EC0-301F-11D3-BF4B-00C04F79EFBC}") = "AppQtde.UWP", "AppQtde\AppQtde.UWP\AppQtde.UWP.csproj", "{AE32E93B-ADCF-4BED-BED5-1AE26438C8E5}"
EndProject
Project("{FAE04EC0-301F-11D3-BF4B-00C04F79EFBC}") = "AppQtde.Android", "AppQtde\AppQtde.Android\AppQtde.Android.csproj", "{6802B144-5C56-4D6F-84E8-D4C5786DA0E1}"
EndProject
Project("{FAE04EC0-301F-11D3-BF4B-00C04F79EFBC}") = "AppQtde.iOS", "AppQtde\AppQtde.iOS\AppQtde.iOS.csproj", "{105BD4B9-4848-4FFE-AB90-F182B2B26AE5}"
EndProject
Project("{FAE04EC0-301F-11D3-BF4B-00C04F79EFBC}") = "AppQtde", "AppQtde\AppQtde\AppQtde.csproj", "{B875E466-11CD-4AED-9DEC-C3A2F6410A37}"
EndProject
Global
	GlobalSection(SolutionConfigurationPlatforms) = preSolution
		Debug|Any CPU = Debug|Any CPU
		Debug|ARM = Debug|ARM
		Debug|iPhone = Debug|iPhone
		Debug|iPhoneSimulator = Debug|iPhoneSimulator
		Debug|x64 = Debug|x64
		Debug|x86 = Debug|x86
		Release|Any CPU = Release|Any CPU
		Release|ARM = Release|ARM
		Release|iPhone = Release|iPhone
		Release|iPhoneSimulator = Release|iPhoneSimulator
		Release|x64 = Release|x64
		Release|x86 = Release|x86
	EndGlobalSection
	GlobalSection(ProjectConfigurationPlatforms) = postSolution
		{AE32E93B-ADCF-4BED-BED5-1AE26438C8E5}.Debug|Any CPU.ActiveCfg = Debug|x86
		{AE32E93B-ADCF-4BED-BED5-1AE26438C8E5}.Debug|Any CPU.Build.0 = Debug|x86
		{AE32E93B-ADCF-4BED-BED5-1AE26438C8E5}.Debug|Any CPU.Deploy.0 = Debug|x86
		{AE32E93B-ADCF-4BED-BED5-1AE26438C8E5}.Debug|ARM.ActiveCfg = Debug|ARM
		{AE32E93B-ADCF-4BED-BED5-1AE26438C8E5}.Debug|ARM.Build.0 = Debug|ARM
		{AE32E93B-ADCF-4BED-BED5-1AE26438C8E5}.Debug|ARM.Deploy.0 = Debug|ARM
		{AE32E93B-ADCF-4BED-BED5-1AE26438C8E5}.Debug|iPhone.ActiveCfg = Debug|x86
		{AE32E93B-ADCF-4BED-BED5-1AE26438C8E5}.Debug|iPhone.Build.0 = Debug|x86
		{AE32E93B-ADCF-4BED-BED5-1AE26438C8E5}.Debug|iPhone.Deploy.0 = Debug|x86
		{AE32E93B-ADCF-4BED-BED5-1AE26438C8E5}.Debug|iPhoneSimulator.ActiveCfg = Debug|x86
		{AE32E93B-ADCF-4BED-BED5-1AE26438C8E5}.Debug|iPhoneSimulator.Build.0 = Debug|x86
		{AE32E93B-ADCF-4BED-BED5-1AE26438C8E5}.Debug|iPhoneSimulator.Deploy.0 = Debug|x86
		{AE32E93B-ADCF-4BED-BED5-1AE26438C8E5}.Debug|x64.ActiveCfg = Debug|x64
		{AE32E93B-ADCF-4BED-BED5-1AE26438C8E5}.Debug|x64.Build.0 = Debug|x64
		{AE32E93B-ADCF-4BED-BED5-1AE26438C8E5}.Debug|x64.Deploy.0 = Debug|x64
		{AE32E93B-ADCF-4BED-BED5-1AE26438C8E5}.Debug|x86.ActiveCfg = Debug|x86
		{AE32E93B-ADCF-4BED-BED5-1AE26438C8E5}.Debug|x86.Build.0 = Debug|x86
		{AE32E93B-ADCF-4BED-BED5-1AE26438C8E5}.Debug|x86.Deploy.0 = Debug|x86
		{AE32E93B-ADCF-4BED-BED5-1AE26438C8E5}.Release|Any CPU.ActiveCfg = Release|x86
		{AE32E93B-ADCF-4BED-BED5-1AE26438C8E5}.Release|Any CPU.Build.0 = Release|x86
		{AE32E93B-ADCF-4BED-BED5-1AE26438C8E5}.Release|Any CPU.Deploy.0 = Release|x86
		{AE32E93B-ADCF-4BED-BED5-1AE26438C8E5}.Release|ARM.ActiveCfg = Release|ARM
		{AE32E93B-ADCF-4BED-BED5-1AE26438C8E5}.Release|ARM.Build.0 = Release|ARM
		{AE32E93B-ADCF-4BED-BED5-1AE26438C8E5}.Release|ARM.Deploy.0 = Release|ARM
		{AE32E93B-ADCF-4BED-BED5-1AE26438C8E5}.Release|iPhone.ActiveCfg = Release|x86
		{AE32E93B-ADCF-4BED-BED5-1AE26438C8E5}.Release|iPhone.Build.0 = Release|x86
		{AE32E93B-ADCF-4BED-BED5-1AE26438C8E5}.Release|iPhone.Deploy.0 = Release|x86
		{AE32E93B-ADCF-4BED-BED5-1AE26438C8E5}.Release|iPhoneSimulator.ActiveCfg = Release|x86
		{AE32E93B-ADCF-4BED-BED5-1AE26438C8E5}.Release|iPhoneSimulator.Build.0 = Release|x86
		{AE32E93B-ADCF-4BED-BED5-1AE26438C8E5}.Release|iPhoneSimulator.Deploy.0 = Release|x86
		{AE32E93B-ADCF-4BED-BED5-1AE26438C8E5}.Release|x64.ActiveCfg = Release|x64
		{AE32E93B-ADCF-4BED-BED5-1AE26438C8E5}.Release|x64.Build.0 = Release|x64
		{AE32E93B-ADCF-4BED-BED5-1AE26438C8E5}.Release|x64.Deploy.0 = Release|x64
		{AE32E93B-ADCF-4BED-BED5-1AE26438C8E5}.Release|x86.ActiveCfg = Release|x86
		{AE32E93B-ADCF-4BED-BED5-1AE26438C8E5}.Release|x86.Build.0 = Release|x86
		{AE32E93B-ADCF-4BED-BED5-1AE26438C8E5}.Release|x86.Deploy.0 = Release|x86
		{6802B144-5C56-4D6F-84E8-D4C5786DA0E1}.Debug|Any CPU.ActiveCfg = Debug|Any CPU
		{6802B144-5C56-4D6F-84E8-D4C5786DA0E1}.Debug|Any CPU.Build.0 = Debug|Any CPU
		{6802B144-5C56-4D6F-84E8-D4C5786DA0E1}.Debug|Any CPU.Deploy.0 = Debug|Any CPU
		{6802B144-5C56-4D6F-84E8-D4C5786DA0E1}.Debug|ARM.ActiveCfg = Debug|Any CPU
		{6802B144-5C56-4D6F-84E8-D4C5786DA0E1}.Debug|ARM.Build.0 = Debug|Any CPU
		{6802B144-5C56-4D6F-84E8-D4C5786DA0E1}.Debug|ARM.Deploy.0 = Debug|Any CPU
		{6802B144-5C56-4D6F-84E8-D4C5786DA0E1}.Debug|iPhone.ActiveCfg = Debug|Any CPU
		{6802B144-5C56-4D6F-84E8-D4C5786DA0E1}.Debug|iPhone.Build.0 = Debug|Any CPU
		{6802B144-5C56-4D6F-84E8-D4C5786DA0E1}.Debug|iPhone.Deploy.0 = Debug|Any CPU
		{6802B144-5C56-4D6F-84E8-D4C5786DA0E1}.Debug|iPhoneSimulator.ActiveCfg = Debug|Any CPU
		{6802B144-5C56-4D6F-84E8-D4C5786DA0E1}.Debug|iPhoneSimulator.Build.0 = Debug|Any CPU
		{6802B144-5C56-4D6F-84E8-D4C5786DA0E1}.Debug|iPhoneSimulator.Deploy.0 = Debug|Any CPU
		{6802B144-5C56-4D6F-84E8-D4C5786DA0E1}.Debug|x64.ActiveCfg = Debug|Any CPU
		{6802B144-5C56-4D6F-84E8-D4C5786DA0E1}.Debug|x64.Build.0 = Debug|Any CPU
		{6802B144-5C56-4D6F-84E8-D4C5786DA0E1}.Debug|x64.Deploy.0 = Debug|Any CPU
		{6802B144-5C56-4D6F-84E8-D4C5786DA0E1}.Debug|x86.ActiveCfg = Debug|Any CPU
		{6802B144-5C56-4D6F-84E8-D4C5786DA0E1}.Debug|x86.Build.0 = Debug|Any CPU
		{6802B144-5C56-4D6F-84E8-D4C5786DA0E1}.Debug|x86.Deploy.0 = Debug|Any CPU
		{6802B144-5C56-4D6F-84E8-D4C5786DA0E1}.Release|Any CPU.ActiveCfg = Release|Any CPU
		{6802B144-5C56-4D6F-84E8-D4C5786DA0E1}.Release|Any CPU.Build.0 = Release|Any CPU
		{6802B144-5C56-4D6F-84E8-D4C5786DA0E1}.Release|Any CPU.Deploy.0 = Release|Any CPU
		{6802B144-5C56-4D6F-84E8-D4C5786DA0E1}.Release|ARM.ActiveCfg = Release|Any CPU
		{6802B144-5C56-4D6F-84E8-D4C5786DA0E1}.Release|ARM.Build.0 = Release|Any CPU
		{6802B144-5C56-4D6F-84E8-D4C5786DA0E1}.Release|ARM.Deploy.0 = Release|Any CPU
		{6802B144-5C56-4D6F-84E8-D4C5786DA0E1}.Release|iPhone.ActiveCfg = Release|Any CPU
		{6802B144-5C56-4D6F-84E8-D4C5786DA0E1}.Release|iPhone.Build.0 = Release|Any CPU
		{6802B144-5C56-4D6F-84E8-D4C5786DA0E1}.Release|iPhone.Deploy.0 = Release|Any CPU
		{6802B144-5C56-4D6F-84E8-D4C5786DA0E1}.Release|iPhoneSimulator.ActiveCfg = Release|Any CPU
		{6802B144-5C56-4D6F-84E8-D4C5786DA0E1}.Release|iPhoneSimulator.Build.0 = Release|Any CPU
		{6802B144-5C56-4D6F-84E8-D4C5786DA0E1}.Release|iPhoneSimulator.Deploy.0 = Release|Any CPU
		{6802B144-5C56-4D6F-84E8-D4C5786DA0E1}.Release|x64.ActiveCfg = Release|Any CPU
		{6802B144-5C56-4D6F-84E8-D4C5786DA0E1}.Release|x64.Build.0 = Release|Any CPU
		{6802B144-5C56-4D6F-84E8-D4C5786DA0E1}.Release|x64.Deploy.0 = Release|Any CPU
		{6802B144-5C56-4D6F-84E8-D4C5786DA0E1}.Release|x86.ActiveCfg = Release|Any CPU
		{6802B144-5C56-4D6F-84E8-D4C5786DA0E1}.Release|x86.Build.0 = Release|Any CPU
		{6802B144-5C56-4D6F-84E8-D4C5786DA0E1}.Release|x86.Deploy.0 = Release|Any CPU
		{105BD4B9-4848-4FFE-AB90-F182B2B26AE5}.Debug|Any CPU.ActiveCfg = Debug|iPhone
		{105BD4B9-4848-4FFE-AB90-F182B2B26AE5}.Debug|Any CPU.Build.0 = Debug|iPhone
		{105BD4B9-4848-4FFE-AB90-F182B2B26AE5}.Debug|Any CPU.Deploy.0 = Debug|iPhone
		{105BD4B9-4848-4FFE-AB90-F182B2B26AE5}.Debug|ARM.ActiveCfg = Debug|iPhone
		{105BD4B9-4848-4FFE-AB90-F182B2B26AE5}.Debug|ARM.Build.0 = Debug|iPhone
		{105BD4B9-4848-4FFE-AB90-F182B2B26AE5}.Debug|ARM.Deploy.0 = Debug|iPhone
		{105BD4B9-4848-4FFE-AB90-F182B2B26AE5}.Debug|iPhone.ActiveCfg = Debug|iPhone
		{105BD4B9-4848-4FFE-AB90-F182B2B26AE5}.Debug|iPhone.Build.0 = Debug|iPhone
		{105BD4B9-4848-4FFE-AB90-F182B2B26AE5}.Debug|iPhone.Deploy.0 = Debug|iPhone
		{105BD4B9-4848-4FFE-AB90-F182B2B26AE5}.Debug|iPhoneSimulator.ActiveCfg = Debug|iPhoneSimulator
		{105BD4B9-4848-4FFE-AB90-F182B2B26AE5}.Debug|iPhoneSimulator.Build.0 = Debug|iPhoneSimulator
		{105BD4B9-4848-4FFE-AB90-F182B2B26AE5}.Debug|iPhoneSimulator.Deploy.0 = Debug|iPhoneSimulator
		{105BD4B9-4848-4FFE-AB90-F182B2B26AE5}.Debug|x64.ActiveCfg = Debug|iPhone
		{105BD4B9-4848-4FFE-AB90-F182B2B26AE5}.Debug|x64.Build.0 = Debug|iPhone
		{105BD4B9-4848-4FFE-AB90-F182B2B26AE5}.Debug|x64.Deploy.0 = Debug|iPhone
		{105BD4B9-4848-4FFE-AB90-F182B2B26AE5}.Debug|x86.ActiveCfg = Debug|iPhone
		{105BD4B9-4848-4FFE-AB90-F182B2B26AE5}.Debug|x86.Build.0 = Debug|iPhone
		{105BD4B9-4848-4FFE-AB90-F182B2B26AE5}.Debug|x86.Deploy.0 = Debug|iPhone
		{105BD4B9-4848-4FFE-AB90-F182B2B26AE5}.Release|Any CPU.ActiveCfg = Release|iPhone
		{105BD4B9-4848-4FFE-AB90-F182B2B26AE5}.Release|Any CPU.Build.0 = Release|iPhone
		{105BD4B9-4848-4FFE-AB90-F182B2B26AE5}.Release|Any CPU.Deploy.0 = Release|iPhone
		{105BD4B9-4848-4FFE-AB90-F182B2B26AE5}.Release|ARM.ActiveCfg = Release|iPhone
		{105BD4B9-4848-4FFE-AB90-F182B2B26AE5}.Release|ARM.Build.0 = Release|iPhone
		{105BD4B9-4848-4FFE-AB90-F182B2B26AE5}.Release|ARM.Deploy.0 = Release|iPhone
		{105BD4B9-4848-4FFE-AB90-F182B2B26AE5}.Release|iPhone.ActiveCfg = Release|iPhone
		{105BD4B9-4848-4FFE-AB90-F182B2B26AE5}.Release|iPhone.Build.0 = Release|iPhone
		{105BD4B9-4848-4FFE-AB90-F182B2B26AE5}.Release|iPhone.Deploy.0 = Release|iPhone
		{105BD4B9-4848-4FFE-AB90-F182B2B26AE5}.Release|iPhoneSimulator.ActiveCfg = Release|iPhoneSimulator
		{105BD4B9-4848-4FFE-AB90-F182B2B26AE5}.Release|iPhoneSimulator.Build.0 = Release|iPhoneSimulator
		{105BD4B9-4848-4FFE-AB90-F182B2B26AE5}.Release|iPhoneSimulator.Deploy.0 = Release|iPhoneSimulator
		{105BD4B9-4848-4FFE-AB90-F182B2B26AE5}.Release|x64.ActiveCfg = Release|iPhone
		{105BD4B9-4848-4FFE-AB90-F182B2B26AE5}.Release|x64.Build.0 = Release|iPhone
		{105BD4B9-4848-4FFE-AB90-F182B2B26AE5}.Release|x64.Deploy.0 = Release|iPhone
		{105BD4B9-4848-4FFE-AB90-F182B2B26AE5}.Release|x86.ActiveCfg = Release|iPhone
		{105BD4B9-4848-4FFE-AB90-F182B2B26AE5}.Release|x86.Build.0 = Release|iPhone
		{105BD4B9-4848-4FFE-AB90-F182B2B26AE5}.Release|x86.Deploy.0 = Release|iPhone
		{B875E466-11CD-4AED-9DEC-C3A2F6410A37}.Debug|Any CPU.ActiveCfg = Debug|Any CPU
		{B875E466-11CD-4AED-9DEC-C3A2F6410A37}.Debug|Any CPU.Build.0 = Debug|Any CPU
		{B875E466-11CD-4AED-9DEC-C3A2F6410A37}.Debug|Any CPU.Deploy.0 = Debug|Any CPU
		{B875E466-11CD-4AED-9DEC-C3A2F6410A37}.Debug|ARM.ActiveCfg = Debug|Any CPU
		{B875E466-11CD-4AED-9DEC-C3A2F6410A37}.Debug|ARM.Build.0 = Debug|Any CPU
		{B875E466-11CD-4AED-9DEC-C3A2F6410A37}.Debug|ARM.Deploy.0 = Debug|Any CPU
		{B875E466-11CD-4AED-9DEC-C3A2F6410A37}.Debug|iPhone.ActiveCfg = Debug|Any CPU
		{B875E466-11CD-4AED-9DEC-C3A2F6410A37}.Debug|iPhone.Build.0 = Debug|Any CPU
		{B875E466-11CD-4AED-9DEC-C3A2F6410A37}.Debug|iPhone.Deploy.0 = Debug|Any CPU
		{B875E466-11CD-4AED-9DEC-C3A2F6410A37}.Debug|iPhoneSimulator.ActiveCfg = Debug|Any CPU
		{B875E466-11CD-4AED-9DEC-C3A2F6410A37}.Debug|iPhoneSimulator.Build.0 = Debug|Any CPU
		{B875E466-11CD-4AED-9DEC-C3A2F6410A37}.Debug|iPhoneSimulator.Deploy.0 = Debug|Any CPU
		{B875E466-11CD-4AED-9DEC-C3A2F6410A37}.Debug|x64.ActiveCfg = Debug|Any CPU
		{B875E466-11CD-4AED-9DEC-C3A2F6410A37}.Debug|x64.Build.0 = Debug|Any CPU
		{B875E466-11CD-4AED-9DEC-C3A2F6410A37}.Debug|x64.Deploy.0 = Debug|Any CPU
		{B875E466-11CD-4AED-9DEC-C3A2F6410A37}.Debug|x86.ActiveCfg = Debug|Any CPU
		{B875E466-11CD-4AED-9DEC-C3A2F6410A37}.Debug|x86.Build.0 = Debug|Any CPU
		{B875E466-11CD-4AED-9DEC-C3A2F6410A37}.Debug|x86.Deploy.0 = Debug|Any CPU
		{B875E466-11CD-4AED-9DEC-C3A2F6410A37}.Release|Any CPU.ActiveCfg = Release|Any CPU
		{B875E466-11CD-4AED-9DEC-C3A2F6410A37}.Release|Any CPU.Build.0 = Release|Any CPU
		{B875E466-11CD-4AED-9DEC-C3A2F6410A37}.Release|Any CPU.Deploy.0 = Release|Any CPU
		{B875E466-11CD-4AED-9DEC-C3A2F6410A37}.Release|ARM.ActiveCfg = Release|Any CPU
		{B875E466-11CD-4AED-9DEC-C3A2F6410A37}.Release|ARM.Build.0 = Release|Any CPU
		{B875E466-11CD-4AED-9DEC-C3A2F6410A37}.Release|ARM.Deploy.0 = Release|Any CPU
		{B875E466-11CD-4AED-9DEC-C3A2F6410A37}.Release|iPhone.ActiveCfg = Release|Any CPU
		{B875E466-11CD-4AED-9DEC-C3A2F6410A37}.Release|iPhone.Build.0 = Release|Any CPU
		{B875E466-11CD-4AED-9DEC-C3A2F6410A37}.Release|iPhone.Deploy.0 = Release|Any CPU
		{B875E466-11CD-4AED-9DEC-C3A2F6410A37}.Release|iPhoneSimulator.ActiveCfg = Release|Any CPU
		{B875E466-11CD-4AED-9DEC-C3A2F6410A37}.Release|iPhoneSimulator.Build.0 = Release|Any CPU
		{B875E466-11CD-4AED-9DEC-C3A2F6410A37}.Release|iPhoneSimulator.Deploy.0 = Release|Any CPU
		{B875E466-11CD-4AED-9DEC-C3A2F6410A37}.Release|x64.ActiveCfg = Release|Any CPU
		{B875E466-11CD-4AED-9DEC-C3A2F6410A37}.Release|x64.Build.0 = Release|Any CPU
		{B875E466-11CD-4AED-9DEC-C3A2F6410A37}.Release|x64.Deploy.0 = Release|Any CPU
		{B875E466-11CD-4AED-9DEC-C3A2F6410A37}.Release|x86.ActiveCfg = Release|Any CPU
		{B875E466-11CD-4AED-9DEC-C3A2F6410A37}.Release|x86.Build.0 = Release|Any CPU
		{B875E466-11CD-4AED-9DEC-C3A2F6410A37}.Release|x86.Deploy.0 = Release|Any CPU
	EndGlobalSection
	GlobalSection(SolutionProperties) = preSolution
		HideSolutionNode = FALSE
	EndGlobalSection
	GlobalSection(ExtensibilityGlobals) = postSolution
		SolutionGuid = {50B95ECB-8759-4600-B48F-0528D873FC8D}
	EndGlobalSection
EndGlobal
