
Microsoft Visual Studio Solution File, Format Version 12.00
# Visual Studio Version 16
VisualStudioVersion = 16.0.30406.217
MinimumVisualStudioVersion = 10.0.40219.1
Project("{FAE04EC0-301F-11D3-BF4B-00C04F79EFBC}") = "AppGallery.UWP", "AppGallery\AppGallery.UWP\AppGallery.UWP.csproj", "{D54342E7-9864-4F9D-9AA4-F149E7ED0050}"
EndProject
Project("{FAE04EC0-301F-11D3-BF4B-00C04F79EFBC}") = "AppGallery.Android", "AppGallery\AppGallery.Android\AppGallery.Android.csproj", "{D77BF906-F5AF-4ED7-B453-1D7F0A15FBFB}"
EndProject
Project("{FAE04EC0-301F-11D3-BF4B-00C04F79EFBC}") = "AppGallery.iOS", "AppGallery\AppGallery.iOS\AppGallery.iOS.csproj", "{742FA13B-3560-4794-8F05-8CABECA9B125}"
EndProject
Project("{FAE04EC0-301F-11D3-BF4B-00C04F79EFBC}") = "AppGallery", "AppGallery\AppGallery\AppGallery.csproj", "{1D0765AD-D375-4ABC-BFCB-B5A07711B185}"
EndProject
Global
	GlobalSection(SolutionConfigurationPlatforms) = preSolution
		Debug|Any CPU = Debug|Any CPU
		Debug|ARM = Debug|ARM
		Debug|iPhone = Debug|iPhone
		Debug|iPhoneSimulator = Debug|iPhoneSimulator
		Debug|x64 = Debug|x64
		Debug|x86 = Debug|x86
		Release|Any CPU = Release|Any CPU
		Release|ARM = Release|ARM
		Release|iPhone = Release|iPhone
		Release|iPhoneSimulator = Release|iPhoneSimulator
		Release|x64 = Release|x64
		Release|x86 = Release|x86
	EndGlobalSection
	GlobalSection(ProjectConfigurationPlatforms) = postSolution
		{D54342E7-9864-4F9D-9AA4-F149E7ED0050}.Debug|Any CPU.ActiveCfg = Debug|x86
		{D54342E7-9864-4F9D-9AA4-F149E7ED0050}.Debug|Any CPU.Build.0 = Debug|x86
		{D54342E7-9864-4F9D-9AA4-F149E7ED0050}.Debug|Any CPU.Deploy.0 = Debug|x86
		{D54342E7-9864-4F9D-9AA4-F149E7ED0050}.Debug|ARM.ActiveCfg = Debug|ARM
		{D54342E7-9864-4F9D-9AA4-F149E7ED0050}.Debug|ARM.Build.0 = Debug|ARM
		{D54342E7-9864-4F9D-9AA4-F149E7ED0050}.Debug|ARM.Deploy.0 = Debug|ARM
		{D54342E7-9864-4F9D-9AA4-F149E7ED0050}.Debug|iPhone.ActiveCfg = Debug|x86
		{D54342E7-9864-4F9D-9AA4-F149E7ED0050}.Debug|iPhone.Build.0 = Debug|x86
		{D54342E7-9864-4F9D-9AA4-F149E7ED0050}.Debug|iPhone.Deploy.0 = Debug|x86
		{D54342E7-9864-4F9D-9AA4-F149E7ED0050}.Debug|iPhoneSimulator.ActiveCfg = Debug|x86
		{D54342E7-9864-4F9D-9AA4-F149E7ED0050}.Debug|iPhoneSimulator.Build.0 = Debug|x86
		{D54342E7-9864-4F9D-9AA4-F149E7ED0050}.Debug|iPhoneSimulator.Deploy.0 = Debug|x86
		{D54342E7-9864-4F9D-9AA4-F149E7ED0050}.Debug|x64.ActiveCfg = Debug|x64
		{D54342E7-9864-4F9D-9AA4-F149E7ED0050}.Debug|x64.Build.0 = Debug|x64
		{D54342E7-9864-4F9D-9AA4-F149E7ED0050}.Debug|x64.Deploy.0 = Debug|x64
		{D54342E7-9864-4F9D-9AA4-F149E7ED0050}.Debug|x86.ActiveCfg = Debug|x86
		{D54342E7-9864-4F9D-9AA4-F149E7ED0050}.Debug|x86.Build.0 = Debug|x86
		{D54342E7-9864-4F9D-9AA4-F149E7ED0050}.Debug|x86.Deploy.0 = Debug|x86
		{D54342E7-9864-4F9D-9AA4-F149E7ED0050}.Release|Any CPU.ActiveCfg = Release|x86
		{D54342E7-9864-4F9D-9AA4-F149E7ED0050}.Release|Any CPU.Build.0 = Release|x86
		{D54342E7-9864-4F9D-9AA4-F149E7ED0050}.Release|Any CPU.Deploy.0 = Release|x86
		{D54342E7-9864-4F9D-9AA4-F149E7ED0050}.Release|ARM.ActiveCfg = Release|ARM
		{D54342E7-9864-4F9D-9AA4-F149E7ED0050}.Release|ARM.Build.0 = Release|ARM
		{D54342E7-9864-4F9D-9AA4-F149E7ED0050}.Release|ARM.Deploy.0 = Release|ARM
		{D54342E7-9864-4F9D-9AA4-F149E7ED0050}.Release|iPhone.ActiveCfg = Release|x86
		{D54342E7-9864-4F9D-9AA4-F149E7ED0050}.Release|iPhone.Build.0 = Release|x86
		{D54342E7-9864-4F9D-9AA4-F149E7ED0050}.Release|iPhone.Deploy.0 = Release|x86
		{D54342E7-9864-4F9D-9AA4-F149E7ED0050}.Release|iPhoneSimulator.ActiveCfg = Release|x86
		{D54342E7-9864-4F9D-9AA4-F149E7ED0050}.Release|iPhoneSimulator.Build.0 = Release|x86
		{D54342E7-9864-4F9D-9AA4-F149E7ED0050}.Release|iPhoneSimulator.Deploy.0 = Release|x86
		{D54342E7-9864-4F9D-9AA4-F149E7ED0050}.Release|x64.ActiveCfg = Release|x64
		{D54342E7-9864-4F9D-9AA4-F149E7ED0050}.Release|x64.Build.0 = Release|x64
		{D54342E7-9864-4F9D-9AA4-F149E7ED0050}.Release|x64.Deploy.0 = Release|x64
		{D54342E7-9864-4F9D-9AA4-F149E7ED0050}.Release|x86.ActiveCfg = Release|x86
		{D54342E7-9864-4F9D-9AA4-F149E7ED0050}.Release|x86.Build.0 = Release|x86
		{D54342E7-9864-4F9D-9AA4-F149E7ED0050}.Release|x86.Deploy.0 = Release|x86
		{D77BF906-F5AF-4ED7-B453-1D7F0A15FBFB}.Debug|Any CPU.ActiveCfg = Debug|Any CPU
		{D77BF906-F5AF-4ED7-B453-1D7F0A15FBFB}.Debug|Any CPU.Build.0 = Debug|Any CPU
		{D77BF906-F5AF-4ED7-B453-1D7F0A15FBFB}.Debug|Any CPU.Deploy.0 = Debug|Any CPU
		{D77BF906-F5AF-4ED7-B453-1D7F0A15FBFB}.Debug|ARM.ActiveCfg = Debug|Any CPU
		{D77BF906-F5AF-4ED7-B453-1D7F0A15FBFB}.Debug|ARM.Build.0 = Debug|Any CPU
		{D77BF906-F5AF-4ED7-B453-1D7F0A15FBFB}.Debug|ARM.Deploy.0 = Debug|Any CPU
		{D77BF906-F5AF-4ED7-B453-1D7F0A15FBFB}.Debug|iPhone.ActiveCfg = Debug|Any CPU
		{D77BF906-F5AF-4ED7-B453-1D7F0A15FBFB}.Debug|iPhone.Build.0 = Debug|Any CPU
		{D77BF906-F5AF-4ED7-B453-1D7F0A15FBFB}.Debug|iPhone.Deploy.0 = Debug|Any CPU
		{D77BF906-F5AF-4ED7-B453-1D7F0A15FBFB}.Debug|iPhoneSimulator.ActiveCfg = Debug|Any CPU
		{D77BF906-F5AF-4ED7-B453-1D7F0A15FBFB}.Debug|iPhoneSimulator.Build.0 = Debug|Any CPU
		{D77BF906-F5AF-4ED7-B453-1D7F0A15FBFB}.Debug|iPhoneSimulator.Deploy.0 = Debug|Any CPU
		{D77BF906-F5AF-4ED7-B453-1D7F0A15FBFB}.Debug|x64.ActiveCfg = Debug|Any CPU
		{D77BF906-F5AF-4ED7-B453-1D7F0A15FBFB}.Debug|x64.Build.0 = Debug|Any CPU
		{D77BF906-F5AF-4ED7-B453-1D7F0A15FBFB}.Debug|x64.Deploy.0 = Debug|Any CPU
		{D77BF906-F5AF-4ED7-B453-1D7F0A15FBFB}.Debug|x86.ActiveCfg = Debug|Any CPU
		{D77BF906-F5AF-4ED7-B453-1D7F0A15FBFB}.Debug|x86.Build.0 = Debug|Any CPU
		{D77BF906-F5AF-4ED7-B453-1D7F0A15FBFB}.Debug|x86.Deploy.0 = Debug|Any CPU
		{D77BF906-F5AF-4ED7-B453-1D7F0A15FBFB}.Release|Any CPU.ActiveCfg = Release|Any CPU
		{D77BF906-F5AF-4ED7-B453-1D7F0A15FBFB}.Release|Any CPU.Build.0 = Release|Any CPU
		{D77BF906-F5AF-4ED7-B453-1D7F0A15FBFB}.Release|Any CPU.Deploy.0 = Release|Any CPU
		{D77BF906-F5AF-4ED7-B453-1D7F0A15FBFB}.Release|ARM.ActiveCfg = Release|Any CPU
		{D77BF906-F5AF-4ED7-B453-1D7F0A15FBFB}.Release|ARM.Build.0 = Release|Any CPU
		{D77BF906-F5AF-4ED7-B453-1D7F0A15FBFB}.Release|ARM.Deploy.0 = Release|Any CPU
		{D77BF906-F5AF-4ED7-B453-1D7F0A15FBFB}.Release|iPhone.ActiveCfg = Release|Any CPU
		{D77BF906-F5AF-4ED7-B453-1D7F0A15FBFB}.Release|iPhone.Build.0 = Release|Any CPU
		{D77BF906-F5AF-4ED7-B453-1D7F0A15FBFB}.Release|iPhone.Deploy.0 = Release|Any CPU
		{D77BF906-F5AF-4ED7-B453-1D7F0A15FBFB}.Release|iPhoneSimulator.ActiveCfg = Release|Any CPU
		{D77BF906-F5AF-4ED7-B453-1D7F0A15FBFB}.Release|iPhoneSimulator.Build.0 = Release|Any CPU
		{D77BF906-F5AF-4ED7-B453-1D7F0A15FBFB}.Release|iPhoneSimulator.Deploy.0 = Release|Any CPU
		{D77BF906-F5AF-4ED7-B453-1D7F0A15FBFB}.Release|x64.ActiveCfg = Release|Any CPU
		{D77BF906-F5AF-4ED7-B453-1D7F0A15FBFB}.Release|x64.Build.0 = Release|Any CPU
		{D77BF906-F5AF-4ED7-B453-1D7F0A15FBFB}.Release|x64.Deploy.0 = Release|Any CPU
		{D77BF906-F5AF-4ED7-B453-1D7F0A15FBFB}.Release|x86.ActiveCfg = Release|Any CPU
		{D77BF906-F5AF-4ED7-B453-1D7F0A15FBFB}.Release|x86.Build.0 = Release|Any CPU
		{D77BF906-F5AF-4ED7-B453-1D7F0A15FBFB}.Release|x86.Deploy.0 = Release|Any CPU
		{742FA13B-3560-4794-8F05-8CABECA9B125}.Debug|Any CPU.ActiveCfg = Debug|iPhone
		{742FA13B-3560-4794-8F05-8CABECA9B125}.Debug|Any CPU.Build.0 = Debug|iPhone
		{742FA13B-3560-4794-8F05-8CABECA9B125}.Debug|Any CPU.Deploy.0 = Debug|iPhone
		{742FA13B-3560-4794-8F05-8CABECA9B125}.Debug|ARM.ActiveCfg = Debug|iPhone
		{742FA13B-3560-4794-8F05-8CABECA9B125}.Debug|ARM.Build.0 = Debug|iPhone
		{742FA13B-3560-4794-8F05-8CABECA9B125}.Debug|ARM.Deploy.0 = Debug|iPhone
		{742FA13B-3560-4794-8F05-8CABECA9B125}.Debug|iPhone.ActiveCfg = Debug|iPhone
		{742FA13B-3560-4794-8F05-8CABECA9B125}.Debug|iPhone.Build.0 = Debug|iPhone
		{742FA13B-3560-4794-8F05-8CABECA9B125}.Debug|iPhone.Deploy.0 = Debug|iPhone
		{742FA13B-3560-4794-8F05-8CABECA9B125}.Debug|iPhoneSimulator.ActiveCfg = Debug|iPhoneSimulator
		{742FA13B-3560-4794-8F05-8CABECA9B125}.Debug|iPhoneSimulator.Build.0 = Debug|iPhoneSimulator
		{742FA13B-3560-4794-8F05-8CABECA9B125}.Debug|iPhoneSimulator.Deploy.0 = Debug|iPhoneSimulator
		{742FA13B-3560-4794-8F05-8CABECA9B125}.Debug|x64.ActiveCfg = Debug|iPhone
		{742FA13B-3560-4794-8F05-8CABECA9B125}.Debug|x64.Build.0 = Debug|iPhone
		{742FA13B-3560-4794-8F05-8CABECA9B125}.Debug|x64.Deploy.0 = Debug|iPhone
		{742FA13B-3560-4794-8F05-8CABECA9B125}.Debug|x86.ActiveCfg = Debug|iPhone
		{742FA13B-3560-4794-8F05-8CABECA9B125}.Debug|x86.Build.0 = Debug|iPhone
		{742FA13B-3560-4794-8F05-8CABECA9B125}.Debug|x86.Deploy.0 = Debug|iPhone
		{742FA13B-3560-4794-8F05-8CABECA9B125}.Release|Any CPU.ActiveCfg = Release|iPhone
		{742FA13B-3560-4794-8F05-8CABECA9B125}.Release|Any CPU.Build.0 = Release|iPhone
		{742FA13B-3560-4794-8F05-8CABECA9B125}.Release|Any CPU.Deploy.0 = Release|iPhone
		{742FA13B-3560-4794-8F05-8CABECA9B125}.Release|ARM.ActiveCfg = Release|iPhone
		{742FA13B-3560-4794-8F05-8CABECA9B125}.Release|ARM.Build.0 = Release|iPhone
		{742FA13B-3560-4794-8F05-8CABECA9B125}.Release|ARM.Deploy.0 = Release|iPhone
		{742FA13B-3560-4794-8F05-8CABECA9B125}.Release|iPhone.ActiveCfg = Release|iPhone
		{742FA13B-3560-4794-8F05-8CABECA9B125}.Release|iPhone.Build.0 = Release|iPhone
		{742FA13B-3560-4794-8F05-8CABECA9B125}.Release|iPhone.Deploy.0 = Release|iPhone
		{742FA13B-3560-4794-8F05-8CABECA9B125}.Release|iPhoneSimulator.ActiveCfg = Release|iPhoneSimulator
		{742FA13B-3560-4794-8F05-8CABECA9B125}.Release|iPhoneSimulator.Build.0 = Release|iPhoneSimulator
		{742FA13B-3560-4794-8F05-8CABECA9B125}.Release|iPhoneSimulator.Deploy.0 = Release|iPhoneSimulator
		{742FA13B-3560-4794-8F05-8CABECA9B125}.Release|x64.ActiveCfg = Release|iPhone
		{742FA13B-3560-4794-8F05-8CABECA9B125}.Release|x64.Build.0 = Release|iPhone
		{742FA13B-3560-4794-8F05-8CABECA9B125}.Release|x64.Deploy.0 = Release|iPhone
		{742FA13B-3560-4794-8F05-8CABECA9B125}.Release|x86.ActiveCfg = Release|iPhone
		{742FA13B-3560-4794-8F05-8CABECA9B125}.Release|x86.Build.0 = Release|iPhone
		{742FA13B-3560-4794-8F05-8CABECA9B125}.Release|x86.Deploy.0 = Release|iPhone
		{1D0765AD-D375-4ABC-BFCB-B5A07711B185}.Debug|Any CPU.ActiveCfg = Debug|Any CPU
		{1D0765AD-D375-4ABC-BFCB-B5A07711B185}.Debug|Any CPU.Build.0 = Debug|Any CPU
		{1D0765AD-D375-4ABC-BFCB-B5A07711B185}.Debug|Any CPU.Deploy.0 = Debug|Any CPU
		{1D0765AD-D375-4ABC-BFCB-B5A07711B185}.Debug|ARM.ActiveCfg = Debug|Any CPU
		{1D0765AD-D375-4ABC-BFCB-B5A07711B185}.Debug|ARM.Build.0 = Debug|Any CPU
		{1D0765AD-D375-4ABC-BFCB-B5A07711B185}.Debug|ARM.Deploy.0 = Debug|Any CPU
		{1D0765AD-D375-4ABC-BFCB-B5A07711B185}.Debug|iPhone.ActiveCfg = Debug|Any CPU
		{1D0765AD-D375-4ABC-BFCB-B5A07711B185}.Debug|iPhone.Build.0 = Debug|Any CPU
		{1D0765AD-D375-4ABC-BFCB-B5A07711B185}.Debug|iPhone.Deploy.0 = Debug|Any CPU
		{1D0765AD-D375-4ABC-BFCB-B5A07711B185}.Debug|iPhoneSimulator.ActiveCfg = Debug|Any CPU
		{1D0765AD-D375-4ABC-BFCB-B5A07711B185}.Debug|iPhoneSimulator.Build.0 = Debug|Any CPU
		{1D0765AD-D375-4ABC-BFCB-B5A07711B185}.Debug|iPhoneSimulator.Deploy.0 = Debug|Any CPU
		{1D0765AD-D375-4ABC-BFCB-B5A07711B185}.Debug|x64.ActiveCfg = Debug|Any CPU
		{1D0765AD-D375-4ABC-BFCB-B5A07711B185}.Debug|x64.Build.0 = Debug|Any CPU
		{1D0765AD-D375-4ABC-BFCB-B5A07711B185}.Debug|x64.Deploy.0 = Debug|Any CPU
		{1D0765AD-D375-4ABC-BFCB-B5A07711B185}.Debug|x86.ActiveCfg = Debug|Any CPU
		{1D0765AD-D375-4ABC-BFCB-B5A07711B185}.Debug|x86.Build.0 = Debug|Any CPU
		{1D0765AD-D375-4ABC-BFCB-B5A07711B185}.Debug|x86.Deploy.0 = Debug|Any CPU
		{1D0765AD-D375-4ABC-BFCB-B5A07711B185}.Release|Any CPU.ActiveCfg = Release|Any CPU
		{1D0765AD-D375-4ABC-BFCB-B5A07711B185}.Release|Any CPU.Build.0 = Release|Any CPU
		{1D0765AD-D375-4ABC-BFCB-B5A07711B185}.Release|Any CPU.Deploy.0 = Release|Any CPU
		{1D0765AD-D375-4ABC-BFCB-B5A07711B185}.Release|ARM.ActiveCfg = Release|Any CPU
		{1D0765AD-D375-4ABC-BFCB-B5A07711B185}.Release|ARM.Build.0 = Release|Any CPU
		{1D0765AD-D375-4ABC-BFCB-B5A07711B185}.Release|ARM.Deploy.0 = Release|Any CPU
		{1D0765AD-D375-4ABC-BFCB-B5A07711B185}.Release|iPhone.ActiveCfg = Release|Any CPU
		{1D0765AD-D375-4ABC-BFCB-B5A07711B185}.Release|iPhone.Build.0 = Release|Any CPU
		{1D0765AD-D375-4ABC-BFCB-B5A07711B185}.Release|iPhone.Deploy.0 = Release|Any CPU
		{1D0765AD-D375-4ABC-BFCB-B5A07711B185}.Release|iPhoneSimulator.ActiveCfg = Release|Any CPU
		{1D0765AD-D375-4ABC-BFCB-B5A07711B185}.Release|iPhoneSimulator.Build.0 = Release|Any CPU
		{1D0765AD-D375-4ABC-BFCB-B5A07711B185}.Release|iPhoneSimulator.Deploy.0 = Release|Any CPU
		{1D0765AD-D375-4ABC-BFCB-B5A07711B185}.Release|x64.ActiveCfg = Release|Any CPU
		{1D0765AD-D375-4ABC-BFCB-B5A07711B185}.Release|x64.Build.0 = Release|Any CPU
		{1D0765AD-D375-4ABC-BFCB-B5A07711B185}.Release|x64.Deploy.0 = Release|Any CPU
		{1D0765AD-D375-4ABC-BFCB-B5A07711B185}.Release|x86.ActiveCfg = Release|Any CPU
		{1D0765AD-D375-4ABC-BFCB-B5A07711B185}.Release|x86.Build.0 = Release|Any CPU
		{1D0765AD-D375-4ABC-BFCB-B5A07711B185}.Release|x86.Deploy.0 = Release|Any CPU
	EndGlobalSection
	GlobalSection(SolutionProperties) = preSolution
		HideSolutionNode = FALSE
	EndGlobalSection
	GlobalSection(ExtensibilityGlobals) = postSolution
		SolutionGuid = {83836D07-57F2-467E-9240-0C9DAA4BDA50}
	EndGlobalSection
EndGlobal
